
Microsoft Visual Studio Solution File, Format Version 12.00
# Visual Studio Version 16
VisualStudioVersion = 16.0.31313.79
MinimumVisualStudioVersion = 10.0.40219.1
Project("{9A19103F-16F7-4668-BE54-9A1E7A4F7556}") = "EX_1", "EX_1\EX_1.csproj", "{0F4E4C8F-49BF-4FD2-8D23-9C98701B0F3D}"
EndProject
Project("{9A19103F-16F7-4668-BE54-9A1E7A4F7556}") = "WeatherApp", "WeatherApp\WeatherApp.csproj", "{EFA51247-52A2-444B-9AA1-056DBE85788B}"
EndProject
Project("{FAE04EC0-301F-11D3-BF4B-00C04F79EFBC}") = "EX_4_5", "EX_4_5\EX_4_5.csproj", "{B657BC8B-E7F6-4F33-BC1A-9575AE3539B5}"
EndProject
Global
	GlobalSection(SolutionConfigurationPlatforms) = preSolution
		Debug|Any CPU = Debug|Any CPU
		Release|Any CPU = Release|Any CPU
	EndGlobalSection
	GlobalSection(ProjectConfigurationPlatforms) = postSolution
		{0F4E4C8F-49BF-4FD2-8D23-9C98701B0F3D}.Debug|Any CPU.ActiveCfg = Debug|Any CPU
		{0F4E4C8F-49BF-4FD2-8D23-9C98701B0F3D}.Debug|Any CPU.Build.0 = Debug|Any CPU
		{0F4E4C8F-49BF-4FD2-8D23-9C98701B0F3D}.Release|Any CPU.ActiveCfg = Release|Any CPU
		{0F4E4C8F-49BF-4FD2-8D23-9C98701B0F3D}.Release|Any CPU.Build.0 = Release|Any CPU
		{EFA51247-52A2-444B-9AA1-056DBE85788B}.Debug|Any CPU.ActiveCfg = Debug|Any CPU
		{EFA51247-52A2-444B-9AA1-056DBE85788B}.Debug|Any CPU.Build.0 = Debug|Any CPU
		{EFA51247-52A2-444B-9AA1-056DBE85788B}.Release|Any CPU.ActiveCfg = Release|Any CPU
		{EFA51247-52A2-444B-9AA1-056DBE85788B}.Release|Any CPU.Build.0 = Release|Any CPU
		{B657BC8B-E7F6-4F33-BC1A-9575AE3539B5}.Debug|Any CPU.ActiveCfg = Debug|Any CPU
		{B657BC8B-E7F6-4F33-BC1A-9575AE3539B5}.Debug|Any CPU.Build.0 = Debug|Any CPU
		{B657BC8B-E7F6-4F33-BC1A-9575AE3539B5}.Release|Any CPU.ActiveCfg = Release|Any CPU
		{B657BC8B-E7F6-4F33-BC1A-9575AE3539B5}.Release|Any CPU.Build.0 = Release|Any CPU
	EndGlobalSection
	GlobalSection(SolutionProperties) = preSolution
		HideSolutionNode = FALSE
	EndGlobalSection
	GlobalSection(ExtensibilityGlobals) = postSolution
		SolutionGuid = {15EDB1DD-BE83-442F-B014-6F76F630B797}
	EndGlobalSection
EndGlobal
