
Microsoft Visual Studio Solution File, Format Version 12.00
# Visual Studio Version 16
VisualStudioVersion = 16.0.809.7
MinimumVisualStudioVersion = 10.0.40219.1
Project("{FAE04EC0-301F-11D3-BF4B-00C04F79EFBC}") = "EX_1", "EX_1\EX_1.csproj", "{BAE0422A-AD24-435D-8516-59EF41212363}"
EndProject
Project("{FAE04EC0-301F-11D3-BF4B-00C04F79EFBC}") = "EX_2", "EX_2\EX_2.csproj", "{2693DE73-C3D9-4CDB-A6ED-AE241D720655}"
EndProject
Global
	GlobalSection(SolutionConfigurationPlatforms) = preSolution
		Debug|Any CPU = Debug|Any CPU
		Release|Any CPU = Release|Any CPU
	EndGlobalSection
	GlobalSection(ProjectConfigurationPlatforms) = postSolution
		{BAE0422A-AD24-435D-8516-59EF41212363}.Debug|Any CPU.ActiveCfg = Debug|Any CPU
		{BAE0422A-AD24-435D-8516-59EF41212363}.Debug|Any CPU.Build.0 = Debug|Any CPU
		{BAE0422A-AD24-435D-8516-59EF41212363}.Release|Any CPU.ActiveCfg = Release|Any CPU
		{BAE0422A-AD24-435D-8516-59EF41212363}.Release|Any CPU.Build.0 = Release|Any CPU
		{2693DE73-C3D9-4CDB-A6ED-AE241D720655}.Debug|Any CPU.ActiveCfg = Debug|Any CPU
		{2693DE73-C3D9-4CDB-A6ED-AE241D720655}.Debug|Any CPU.Build.0 = Debug|Any CPU
		{2693DE73-C3D9-4CDB-A6ED-AE241D720655}.Release|Any CPU.ActiveCfg = Release|Any CPU
		{2693DE73-C3D9-4CDB-A6ED-AE241D720655}.Release|Any CPU.Build.0 = Release|Any CPU
	EndGlobalSection
	GlobalSection(SolutionProperties) = preSolution
		HideSolutionNode = FALSE
	EndGlobalSection
	GlobalSection(ExtensibilityGlobals) = postSolution
		SolutionGuid = {77F198CD-BEB4-4E6A-BD2C-EBCD62E79350}
	EndGlobalSection
EndGlobal
