
Microsoft Visual Studio Solution File, Format Version 12.00
# Visual Studio Version 16
VisualStudioVersion = 16.0.809.9
MinimumVisualStudioVersion = 10.0.40219.1
Project("{FAE04EC0-301F-11D3-BF4B-00C04F79EFBC}") = "EX_1", "EX_1\EX_1.csproj", "{854215E9-2204-4DA3-9E27-BE3AB7DEBF9B}"
EndProject
Project("{FAE04EC0-301F-11D3-BF4B-00C04F79EFBC}") = "EX_2", "EX_2\EX_2.csproj", "{290957AE-F073-40B7-82D2-1F4CD9C44A89}"
EndProject
Global
	GlobalSection(SolutionConfigurationPlatforms) = preSolution
		Debug|Any CPU = Debug|Any CPU
		Release|Any CPU = Release|Any CPU
	EndGlobalSection
	GlobalSection(ProjectConfigurationPlatforms) = postSolution
		{854215E9-2204-4DA3-9E27-BE3AB7DEBF9B}.Debug|Any CPU.ActiveCfg = Debug|Any CPU
		{854215E9-2204-4DA3-9E27-BE3AB7DEBF9B}.Debug|Any CPU.Build.0 = Debug|Any CPU
		{854215E9-2204-4DA3-9E27-BE3AB7DEBF9B}.Release|Any CPU.ActiveCfg = Release|Any CPU
		{854215E9-2204-4DA3-9E27-BE3AB7DEBF9B}.Release|Any CPU.Build.0 = Release|Any CPU
		{290957AE-F073-40B7-82D2-1F4CD9C44A89}.Debug|Any CPU.ActiveCfg = Debug|Any CPU
		{290957AE-F073-40B7-82D2-1F4CD9C44A89}.Debug|Any CPU.Build.0 = Debug|Any CPU
		{290957AE-F073-40B7-82D2-1F4CD9C44A89}.Release|Any CPU.ActiveCfg = Release|Any CPU
		{290957AE-F073-40B7-82D2-1F4CD9C44A89}.Release|Any CPU.Build.0 = Release|Any CPU
	EndGlobalSection
	GlobalSection(SolutionProperties) = preSolution
		HideSolutionNode = FALSE
	EndGlobalSection
	GlobalSection(ExtensibilityGlobals) = postSolution
		SolutionGuid = {14212380-0193-435B-B20B-B96EB3EF12DB}
	EndGlobalSection
EndGlobal
